
Microsoft Visual Studio Solution File, Format Version 12.00
# Visual Studio Version 17
VisualStudioVersion = 17.10.34916.146
MinimumVisualStudioVersion = 10.0.40219.1
Project("{FAE04EC0-301F-11D3-BF4B-00C04F79EFBC}") = "backendPizzaria", "backendPizzaria.csproj", "{15BA34DA-B130-4126-889C-93B881E6ECB3}"
EndProject
Global
	GlobalSection(SolutionConfigurationPlatforms) = preSolution
		Debug|Any CPU = Debug|Any CPU
		Release|Any CPU = Release|Any CPU
	EndGlobalSection
	GlobalSection(ProjectConfigurationPlatforms) = postSolution
		{15BA34DA-B130-4126-889C-93B881E6ECB3}.Debug|Any CPU.ActiveCfg = Debug|Any CPU
		{15BA34DA-B130-4126-889C-93B881E6ECB3}.Debug|Any CPU.Build.0 = Debug|Any CPU
		{15BA34DA-B130-4126-889C-93B881E6ECB3}.Release|Any CPU.ActiveCfg = Release|Any CPU
		{15BA34DA-B130-4126-889C-93B881E6ECB3}.Release|Any CPU.Build.0 = Release|Any CPU
	EndGlobalSection
	GlobalSection(SolutionProperties) = preSolution
		HideSolutionNode = FALSE
	EndGlobalSection
	GlobalSection(ExtensibilityGlobals) = postSolution
		SolutionGuid = {5FD31465-F97F-485F-B8B0-354938E94899}
	EndGlobalSection
EndGlobal
